
Microsoft Visual Studio Solution File, Format Version 12.00
# Visual Studio 15
VisualStudioVersion = 15.0.28307.572
MinimumVisualStudioVersion = 10.0.40219.1
Project("{FAE04EC0-301F-11D3-BF4B-00C04F79EFBC}") = "LCSofTwoStrings", "LCSofTwoStrings.csproj", "{F82EB686-4FE6-48FB-B39A-D4F054FF27EB}"
EndProject
Project("{FAE04EC0-301F-11D3-BF4B-00C04F79EFBC}") = "Memoization", "..\Memoization\Memoization.csproj", "{43DAD62D-78D8-4792-9605-ECF3CBD54001}"
EndProject
Global
	GlobalSection(SolutionConfigurationPlatforms) = preSolution
		Debug|Any CPU = Debug|Any CPU
		Release|Any CPU = Release|Any CPU
	EndGlobalSection
	GlobalSection(ProjectConfigurationPlatforms) = postSolution
		{F82EB686-4FE6-48FB-B39A-D4F054FF27EB}.Debug|Any CPU.ActiveCfg = Debug|Any CPU
		{F82EB686-4FE6-48FB-B39A-D4F054FF27EB}.Debug|Any CPU.Build.0 = Debug|Any CPU
		{F82EB686-4FE6-48FB-B39A-D4F054FF27EB}.Release|Any CPU.ActiveCfg = Release|Any CPU
		{F82EB686-4FE6-48FB-B39A-D4F054FF27EB}.Release|Any CPU.Build.0 = Release|Any CPU
		{43DAD62D-78D8-4792-9605-ECF3CBD54001}.Debug|Any CPU.ActiveCfg = Debug|Any CPU
		{43DAD62D-78D8-4792-9605-ECF3CBD54001}.Debug|Any CPU.Build.0 = Debug|Any CPU
		{43DAD62D-78D8-4792-9605-ECF3CBD54001}.Release|Any CPU.ActiveCfg = Release|Any CPU
		{43DAD62D-78D8-4792-9605-ECF3CBD54001}.Release|Any CPU.Build.0 = Release|Any CPU
	EndGlobalSection
	GlobalSection(SolutionProperties) = preSolution
		HideSolutionNode = FALSE
	EndGlobalSection
	GlobalSection(ExtensibilityGlobals) = postSolution
		SolutionGuid = {7EE3A4FE-C1D3-45A2-A3C9-D50C55E69FAF}
	EndGlobalSection
EndGlobal
